
Microsoft Visual Studio Solution File, Format Version 12.00
# Visual Studio Version 16
VisualStudioVersion = 16.0.29201.188
MinimumVisualStudioVersion = 10.0.40219.1
Project("{9A19103F-16F7-4668-BE54-9A1E7A4F7556}") = "GeneticToolkit", "GeneticToolkit\GeneticToolkit.csproj", "{2A9263A9-E6C6-45C9-8D17-639C5FE9AF56}"
EndProject
Project("{FAE04EC0-301F-11D3-BF4B-00C04F79EFBC}") = "GeneticToolkit.UnitTests", "GeneticToolkit.UnitTests\GeneticToolkit.UnitTests.csproj", "{B9FE2765-219F-4EF0-8C1D-2D93E2F95D71}"
EndProject
Global
	GlobalSection(SolutionConfigurationPlatforms) = preSolution
		Debug|Any CPU = Debug|Any CPU
		Release|Any CPU = Release|Any CPU
	EndGlobalSection
	GlobalSection(ProjectConfigurationPlatforms) = postSolution
		{2A9263A9-E6C6-45C9-8D17-639C5FE9AF56}.Debug|Any CPU.ActiveCfg = Debug|Any CPU
		{2A9263A9-E6C6-45C9-8D17-639C5FE9AF56}.Debug|Any CPU.Build.0 = Debug|Any CPU
		{2A9263A9-E6C6-45C9-8D17-639C5FE9AF56}.Release|Any CPU.ActiveCfg = Release|Any CPU
		{2A9263A9-E6C6-45C9-8D17-639C5FE9AF56}.Release|Any CPU.Build.0 = Release|Any CPU
		{B9FE2765-219F-4EF0-8C1D-2D93E2F95D71}.Debug|Any CPU.ActiveCfg = Debug|Any CPU
		{B9FE2765-219F-4EF0-8C1D-2D93E2F95D71}.Debug|Any CPU.Build.0 = Debug|Any CPU
		{B9FE2765-219F-4EF0-8C1D-2D93E2F95D71}.Release|Any CPU.ActiveCfg = Release|Any CPU
		{B9FE2765-219F-4EF0-8C1D-2D93E2F95D71}.Release|Any CPU.Build.0 = Release|Any CPU
	EndGlobalSection
	GlobalSection(SolutionProperties) = preSolution
		HideSolutionNode = FALSE
	EndGlobalSection
	GlobalSection(NestedProjects) = preSolution
	EndGlobalSection
	GlobalSection(ExtensibilityGlobals) = postSolution
		SolutionGuid = {27817CAC-8175-4A81-8BF3-B5706865228F}
	EndGlobalSection
EndGlobal
