
Microsoft Visual Studio Solution File, Format Version 12.00
# Visual Studio Version 16
VisualStudioVersion = 16.0.29201.188
MinimumVisualStudioVersion = 10.0.40219.1
Project("{9A19103F-16F7-4668-BE54-9A1E7A4F7556}") = "GeneticToolkit", "GeneticToolkit\GeneticToolkit.csproj", "{2A9263A9-E6C6-45C9-8D17-639C5FE9AF56}"
EndProject
Project("{9A19103F-16F7-4668-BE54-9A1E7A4F7556}") = "PhenotypeNUnit", "Tests\PhenotypeNUnit\PhenotypeNUnit.csproj", "{45F6B81E-D45E-490C-A0E7-FDADEDCE8697}"
EndProject
Project("{2150E333-8FDC-42A3-9474-1A3956D46DE8}") = "Tests", "Tests", "{8EBFB4D5-6CCF-4F99-9B42-9E3561D20DF2}"
EndProject
Project("{9A19103F-16F7-4668-BE54-9A1E7A4F7556}") = "CrossoversNUnit", "CrossoversNUnit\CrossoversNUnit.csproj", "{C7EB602D-B8F0-4A03-8220-17481BF0A67E}"
EndProject
Project("{9A19103F-16F7-4668-BE54-9A1E7A4F7556}") = "GenotypesNUnit", "GenotypesNUnit\GenotypesNUnit.csproj", "{816E7FE7-A9A0-43D2-A603-2DE1BAB5854B}"
EndProject
Global
	GlobalSection(SolutionConfigurationPlatforms) = preSolution
		Debug|Any CPU = Debug|Any CPU
		Release|Any CPU = Release|Any CPU
	EndGlobalSection
	GlobalSection(ProjectConfigurationPlatforms) = postSolution
		{2A9263A9-E6C6-45C9-8D17-639C5FE9AF56}.Debug|Any CPU.ActiveCfg = Debug|Any CPU
		{2A9263A9-E6C6-45C9-8D17-639C5FE9AF56}.Debug|Any CPU.Build.0 = Debug|Any CPU
		{2A9263A9-E6C6-45C9-8D17-639C5FE9AF56}.Release|Any CPU.ActiveCfg = Release|Any CPU
		{2A9263A9-E6C6-45C9-8D17-639C5FE9AF56}.Release|Any CPU.Build.0 = Release|Any CPU
		{45F6B81E-D45E-490C-A0E7-FDADEDCE8697}.Debug|Any CPU.ActiveCfg = Debug|Any CPU
		{45F6B81E-D45E-490C-A0E7-FDADEDCE8697}.Debug|Any CPU.Build.0 = Debug|Any CPU
		{45F6B81E-D45E-490C-A0E7-FDADEDCE8697}.Release|Any CPU.ActiveCfg = Release|Any CPU
		{45F6B81E-D45E-490C-A0E7-FDADEDCE8697}.Release|Any CPU.Build.0 = Release|Any CPU
		{C7EB602D-B8F0-4A03-8220-17481BF0A67E}.Debug|Any CPU.ActiveCfg = Debug|Any CPU
		{C7EB602D-B8F0-4A03-8220-17481BF0A67E}.Debug|Any CPU.Build.0 = Debug|Any CPU
		{C7EB602D-B8F0-4A03-8220-17481BF0A67E}.Release|Any CPU.ActiveCfg = Release|Any CPU
		{C7EB602D-B8F0-4A03-8220-17481BF0A67E}.Release|Any CPU.Build.0 = Release|Any CPU
		{816E7FE7-A9A0-43D2-A603-2DE1BAB5854B}.Debug|Any CPU.ActiveCfg = Debug|Any CPU
		{816E7FE7-A9A0-43D2-A603-2DE1BAB5854B}.Debug|Any CPU.Build.0 = Debug|Any CPU
		{816E7FE7-A9A0-43D2-A603-2DE1BAB5854B}.Release|Any CPU.ActiveCfg = Release|Any CPU
		{816E7FE7-A9A0-43D2-A603-2DE1BAB5854B}.Release|Any CPU.Build.0 = Release|Any CPU
	EndGlobalSection
	GlobalSection(SolutionProperties) = preSolution
		HideSolutionNode = FALSE
	EndGlobalSection
	GlobalSection(NestedProjects) = preSolution
		{45F6B81E-D45E-490C-A0E7-FDADEDCE8697} = {8EBFB4D5-6CCF-4F99-9B42-9E3561D20DF2}
		{C7EB602D-B8F0-4A03-8220-17481BF0A67E} = {8EBFB4D5-6CCF-4F99-9B42-9E3561D20DF2}
		{816E7FE7-A9A0-43D2-A603-2DE1BAB5854B} = {8EBFB4D5-6CCF-4F99-9B42-9E3561D20DF2}
	EndGlobalSection
	GlobalSection(ExtensibilityGlobals) = postSolution
		SolutionGuid = {27817CAC-8175-4A81-8BF3-B5706865228F}
	EndGlobalSection
EndGlobal
